
Microsoft Visual Studio Solution File, Format Version 12.00
# Visual Studio 15
Project("{FAE04EC0-301F-11D3-BF4B-00C04F79EFBC}") = "Assembly-CSharp", "Assembly-CSharp.csproj", "{42FC4615-C414-D6D4-DAE4-A10A43729E78}"
EndProject
Project("{FAE04EC0-301F-11D3-BF4B-00C04F79EFBC}") = "Assembly-CSharp-Editor", "Assembly-CSharp-Editor.csproj", "{E4095E76-AD8D-00A4-13D3-1B469DD82404}"
EndProject
Global
	GlobalSection(SolutionConfigurationPlatforms) = preSolution
		Debug|Any CPU = Debug|Any CPU
		Release|Any CPU = Release|Any CPU
	EndGlobalSection
	GlobalSection(ProjectConfigurationPlatforms) = postSolution
		{42FC4615-C414-D6D4-DAE4-A10A43729E78}.Debug|Any CPU.ActiveCfg = Debug|Any CPU
		{42FC4615-C414-D6D4-DAE4-A10A43729E78}.Debug|Any CPU.Build.0 = Debug|Any CPU
		{42FC4615-C414-D6D4-DAE4-A10A43729E78}.Release|Any CPU.ActiveCfg = Release|Any CPU
		{42FC4615-C414-D6D4-DAE4-A10A43729E78}.Release|Any CPU.Build.0 = Release|Any CPU
		{E4095E76-AD8D-00A4-13D3-1B469DD82404}.Debug|Any CPU.ActiveCfg = Debug|Any CPU
		{E4095E76-AD8D-00A4-13D3-1B469DD82404}.Debug|Any CPU.Build.0 = Debug|Any CPU
		{E4095E76-AD8D-00A4-13D3-1B469DD82404}.Release|Any CPU.ActiveCfg = Release|Any CPU
		{E4095E76-AD8D-00A4-13D3-1B469DD82404}.Release|Any CPU.Build.0 = Release|Any CPU
	EndGlobalSection
	GlobalSection(SolutionProperties) = preSolution
		HideSolutionNode = FALSE
	EndGlobalSection
EndGlobal
