
Microsoft Visual Studio Solution File, Format Version 12.00
# Visual Studio Version 17
VisualStudioVersion = 17.5.33530.505
MinimumVisualStudioVersion = 10.0.40219.1
Project("{FAE04EC0-301F-11D3-BF4B-00C04F79EFBC}") = "GroupStudy_LYS", "GroupStudy_LYS\GroupStudy_LYS.csproj", "{74E8CCA0-C7A7-4E85-A695-71D562CEA694}"
EndProject
Global
	GlobalSection(SolutionConfigurationPlatforms) = preSolution
		Debug|Any CPU = Debug|Any CPU
		Release|Any CPU = Release|Any CPU
	EndGlobalSection
	GlobalSection(ProjectConfigurationPlatforms) = postSolution
		{74E8CCA0-C7A7-4E85-A695-71D562CEA694}.Debug|Any CPU.ActiveCfg = Debug|Any CPU
		{74E8CCA0-C7A7-4E85-A695-71D562CEA694}.Debug|Any CPU.Build.0 = Debug|Any CPU
		{74E8CCA0-C7A7-4E85-A695-71D562CEA694}.Release|Any CPU.ActiveCfg = Release|Any CPU
		{74E8CCA0-C7A7-4E85-A695-71D562CEA694}.Release|Any CPU.Build.0 = Release|Any CPU
	EndGlobalSection
	GlobalSection(SolutionProperties) = preSolution
		HideSolutionNode = FALSE
	EndGlobalSection
	GlobalSection(ExtensibilityGlobals) = postSolution
		SolutionGuid = {886382DD-BEE2-4033-B020-20D1A1C59ADF}
	EndGlobalSection
EndGlobal
