
Microsoft Visual Studio Solution File, Format Version 12.00
# Visual Studio Version 17
VisualStudioVersion = 17.9.34616.47
MinimumVisualStudioVersion = 10.0.40219.1
Project("{9A19103F-16F7-4668-BE54-9A1E7A4F7556}") = "CoreServer", "CoreServer\CoreServer.csproj", "{8A57DE9F-28FF-4C06-BB98-5F3BFC28512D}"
EndProject
Project("{9A19103F-16F7-4668-BE54-9A1E7A4F7556}") = "Database", "Database\Database.csproj", "{30A74884-9A74-41E1-9F7B-77C902D0DD08}"
EndProject
Global
	GlobalSection(SolutionConfigurationPlatforms) = preSolution
		Debug|Any CPU = Debug|Any CPU
		Release|Any CPU = Release|Any CPU
	EndGlobalSection
	GlobalSection(ProjectConfigurationPlatforms) = postSolution
		{8A57DE9F-28FF-4C06-BB98-5F3BFC28512D}.Debug|Any CPU.ActiveCfg = Debug|Any CPU
		{8A57DE9F-28FF-4C06-BB98-5F3BFC28512D}.Debug|Any CPU.Build.0 = Debug|Any CPU
		{8A57DE9F-28FF-4C06-BB98-5F3BFC28512D}.Release|Any CPU.ActiveCfg = Release|Any CPU
		{8A57DE9F-28FF-4C06-BB98-5F3BFC28512D}.Release|Any CPU.Build.0 = Release|Any CPU
		{30A74884-9A74-41E1-9F7B-77C902D0DD08}.Debug|Any CPU.ActiveCfg = Debug|Any CPU
		{30A74884-9A74-41E1-9F7B-77C902D0DD08}.Debug|Any CPU.Build.0 = Debug|Any CPU
		{30A74884-9A74-41E1-9F7B-77C902D0DD08}.Release|Any CPU.ActiveCfg = Release|Any CPU
		{30A74884-9A74-41E1-9F7B-77C902D0DD08}.Release|Any CPU.Build.0 = Release|Any CPU
	EndGlobalSection
	GlobalSection(SolutionProperties) = preSolution
		HideSolutionNode = FALSE
	EndGlobalSection
	GlobalSection(ExtensibilityGlobals) = postSolution
		SolutionGuid = {2C4A7A77-ACF5-4BBD-A72E-E40D5E160EBD}
	EndGlobalSection
EndGlobal
