
Microsoft Visual Studio Solution File, Format Version 12.00
# Visual Studio Version 17
VisualStudioVersion = 17.7.34024.191
MinimumVisualStudioVersion = 10.0.40219.1
Project("{FAE04EC0-301F-11D3-BF4B-00C04F79EFBC}") = "StudyGroup_HSY", "StudyGroup_HSY\StudyGroup_HSY.csproj", "{D558F420-04BD-400C-9355-C21B7D27368B}"
EndProject
Global
	GlobalSection(SolutionConfigurationPlatforms) = preSolution
		Debug|Any CPU = Debug|Any CPU
		Release|Any CPU = Release|Any CPU
	EndGlobalSection
	GlobalSection(ProjectConfigurationPlatforms) = postSolution
		{D558F420-04BD-400C-9355-C21B7D27368B}.Debug|Any CPU.ActiveCfg = Debug|Any CPU
		{D558F420-04BD-400C-9355-C21B7D27368B}.Debug|Any CPU.Build.0 = Debug|Any CPU
		{D558F420-04BD-400C-9355-C21B7D27368B}.Release|Any CPU.ActiveCfg = Release|Any CPU
		{D558F420-04BD-400C-9355-C21B7D27368B}.Release|Any CPU.Build.0 = Release|Any CPU
	EndGlobalSection
	GlobalSection(SolutionProperties) = preSolution
		HideSolutionNode = FALSE
	EndGlobalSection
	GlobalSection(ExtensibilityGlobals) = postSolution
		SolutionGuid = {54CAD380-407A-4F11-81EB-59B844BFDCE1}
	EndGlobalSection
EndGlobal
